
Microsoft Visual Studio Solution File, Format Version 12.00
# Visual Studio Version 16
VisualStudioVersion = 16.0.30611.23
MinimumVisualStudioVersion = 10.0.40219.1
Project("{FAE04EC0-301F-11D3-BF4B-00C04F79EFBC}") = "MockSchoolManagement", "MockSchoolManagement\MockSchoolManagement.csproj", "{BA437DD6-C85D-4F4C-B16D-590813893CD6}"
EndProject
Global
	GlobalSection(SolutionConfigurationPlatforms) = preSolution
		Debug|Any CPU = Debug|Any CPU
		Release|Any CPU = Release|Any CPU
	EndGlobalSection
	GlobalSection(ProjectConfigurationPlatforms) = postSolution
		{BA437DD6-C85D-4F4C-B16D-590813893CD6}.Debug|Any CPU.ActiveCfg = Debug|Any CPU
		{BA437DD6-C85D-4F4C-B16D-590813893CD6}.Debug|Any CPU.Build.0 = Debug|Any CPU
		{BA437DD6-C85D-4F4C-B16D-590813893CD6}.Release|Any CPU.ActiveCfg = Release|Any CPU
		{BA437DD6-C85D-4F4C-B16D-590813893CD6}.Release|Any CPU.Build.0 = Release|Any CPU
	EndGlobalSection
	GlobalSection(SolutionProperties) = preSolution
		HideSolutionNode = FALSE
	EndGlobalSection
	GlobalSection(ExtensibilityGlobals) = postSolution
		SolutionGuid = {89DBF9FD-5E7D-4681-8D2B-D6925EEBBB9A}
	EndGlobalSection
EndGlobal
